
Microsoft Visual Studio Solution File, Format Version 12.00
# Visual Studio Version 17
VisualStudioVersion = 17.3.32929.385
MinimumVisualStudioVersion = 10.0.40219.1
Project("{FAE04EC0-301F-11D3-BF4B-00C04F79EFBC}") = "Milestone 3", "Milestone 3\Milestone 3.csproj", "{F634B2C9-2105-43E1-9707-CEC016F0D88B}"
EndProject
Global
	GlobalSection(SolutionConfigurationPlatforms) = preSolution
		Debug|Any CPU = Debug|Any CPU
		Release|Any CPU = Release|Any CPU
	EndGlobalSection
	GlobalSection(ProjectConfigurationPlatforms) = postSolution
		{F634B2C9-2105-43E1-9707-CEC016F0D88B}.Debug|Any CPU.ActiveCfg = Debug|Any CPU
		{F634B2C9-2105-43E1-9707-CEC016F0D88B}.Debug|Any CPU.Build.0 = Debug|Any CPU
		{F634B2C9-2105-43E1-9707-CEC016F0D88B}.Release|Any CPU.ActiveCfg = Release|Any CPU
		{F634B2C9-2105-43E1-9707-CEC016F0D88B}.Release|Any CPU.Build.0 = Release|Any CPU
	EndGlobalSection
	GlobalSection(SolutionProperties) = preSolution
		HideSolutionNode = FALSE
	EndGlobalSection
	GlobalSection(ExtensibilityGlobals) = postSolution
		SolutionGuid = {7AC540AF-B382-431E-85C7-5A5BD1810717}
	EndGlobalSection
EndGlobal
